
Microsoft Visual Studio Solution File, Format Version 12.00
# Visual Studio Version 16
VisualStudioVersion = 16.0.30011.22
MinimumVisualStudioVersion = 10.0.40219.1
Project("{FAE04EC0-301F-11D3-BF4B-00C04F79EFBC}") = "BasicNetApp", "BasicNetApp\BasicNetApp.csproj", "{576B3249-752D-4DA5-B1D3-1B62823082EF}"
EndProject
Global
	GlobalSection(SolutionConfigurationPlatforms) = preSolution
		Debug|Any CPU = Debug|Any CPU
		Release|Any CPU = Release|Any CPU
	EndGlobalSection
	GlobalSection(ProjectConfigurationPlatforms) = postSolution
		{576B3249-752D-4DA5-B1D3-1B62823082EF}.Debug|Any CPU.ActiveCfg = Debug|Any CPU
		{576B3249-752D-4DA5-B1D3-1B62823082EF}.Debug|Any CPU.Build.0 = Debug|Any CPU
		{576B3249-752D-4DA5-B1D3-1B62823082EF}.Release|Any CPU.ActiveCfg = Release|Any CPU
		{576B3249-752D-4DA5-B1D3-1B62823082EF}.Release|Any CPU.Build.0 = Release|Any CPU
	EndGlobalSection
	GlobalSection(SolutionProperties) = preSolution
		HideSolutionNode = FALSE
	EndGlobalSection
	GlobalSection(ExtensibilityGlobals) = postSolution
		SolutionGuid = {9FF8333B-88D7-4F11-BDC9-E2751ADF868A}
	EndGlobalSection
EndGlobal
